{
  "name": "@yasshi2525/agvw-like",
  "version": "0.1.0",
  "lockfileVersion": 3,
  "requires": true,
  "packages": {
    "": {
      "name": "@yasshi2525/agvw-like",
      "version": "0.1.0",
      "license": "MIT",
      "dependencies": {
        "@akashic/amflow": "^3.3.0",
        "@akashic/pdi-browser": "^2.10.4",
        "@akashic/playlog": "^3.4.1",
        "@akashic/trigger": "^2.1.3",
        "@cross-border-bridge/memory-queue": "^2.0.0",
        "@cross-border-bridge/memory-queue-data-bus": "^2.0.0",
        "@cross-border-bridge/post-message-data-bus": "^2.0.0"
      },
      "devDependencies": {
        "@akashic/agvw": "^1.0.7",
        "prettier": "^3.7.4",
        "typescript": "^5.9.3"
      }
    },
    "node_modules/@akashic/agvw": {
      "version": "1.0.7",
      "resolved": "https://registry.npmjs.org/@akashic/agvw/-/agvw-1.0.7.tgz",
      "integrity": "sha512-zEy8N+/tUO0yE2mtwUPi+7P8mw9pvfIG+SwkiMNqXakJqcy0WmzCM8PAPIhJvkeNaafPj+g/YBiSACZfsiKMEg==",
      "dev": true,
      "license": "MIT"
    },
    "node_modules/@akashic/amflow": {
      "version": "3.3.0",
      "resolved": "https://registry.npmjs.org/@akashic/amflow/-/amflow-3.3.0.tgz",
      "integrity": "sha512-+dDBtwPfAOeslclGYYKF1yoGg+NiLnDHO3DVIGorkzSd9YLwf+LJGK4sQxRvltKBygmHmhaVrjP7de0PMA+c4Q==",
      "license": "MIT",
      "dependencies": {
        "@akashic/playlog": "~3.3.0"
      }
    },
    "node_modules/@akashic/amflow/node_modules/@akashic/playlog": {
      "version": "3.3.0",
      "resolved": "https://registry.npmjs.org/@akashic/playlog/-/playlog-3.3.0.tgz",
      "integrity": "sha512-pqX31etu1H9DGvfAuW8w4TiUdcKUUoTBJQd6HF1OZWMDC2O6RSx8DTndYa4Eqr9wll+bs3aRJqUHcVdDJKWevw==",
      "license": "MIT"
    },
    "node_modules/@akashic/pdi-browser": {
      "version": "2.10.4",
      "resolved": "https://registry.npmjs.org/@akashic/pdi-browser/-/pdi-browser-2.10.4.tgz",
      "integrity": "sha512-WITaLCyuqaCvQ4nJ/LZb9FYz0aLk3EpjdzYrbht1h3jy/KzVEjptVZAg9f99ly65kTU3xNKqvgvYPEEjJZYH6Q==",
      "license": "MIT",
      "dependencies": {
        "@akashic/trigger": "^2.0.1"
      }
    },
    "node_modules/@akashic/playlog": {
      "version": "3.4.1",
      "resolved": "https://registry.npmjs.org/@akashic/playlog/-/playlog-3.4.1.tgz",
      "integrity": "sha512-jRX0tv3SATlamLcc4jHy9BU1WzZtXSnttZMFG9Q3uHloovpHN+FoeBZ3YrRtDFmCr6BjgGHLS+KearACh3Y88g==",
      "license": "MIT"
    },
    "node_modules/@akashic/trigger": {
      "version": "2.1.3",
      "resolved": "https://registry.npmjs.org/@akashic/trigger/-/trigger-2.1.3.tgz",
      "integrity": "sha512-nCs7QykZBC69YQHqz4zw6RkG+DO18ss7jBjwTLoClI34MpmyaV4XsnEYbSPQJM95fqn/tgtZ6+n85hrSBk+ShA==",
      "license": "MIT"
    },
    "node_modules/@cross-border-bridge/data-bus": {
      "version": "2.0.0",
      "resolved": "https://registry.npmjs.org/@cross-border-bridge/data-bus/-/data-bus-2.0.0.tgz",
      "integrity": "sha512-06cb8kTl/DhGurENfO7ljWyC/5o71E5sl5op4vBvKSmHYtYBRfPFvOApQ7a88eto0FvhzSNvbgKP5j53/6vsVQ==",
      "license": "MIT"
    },
    "node_modules/@cross-border-bridge/memory-queue": {
      "version": "2.0.0",
      "resolved": "https://registry.npmjs.org/@cross-border-bridge/memory-queue/-/memory-queue-2.0.0.tgz",
      "integrity": "sha512-fSg/6S8UO9xxUQWLOi4iFW3xgz9u2xforfR3M8AyS+D8MBItCvjnmtNSieSpeGavgCmfiHIFxhGIrNf4ZZFo2Q==",
      "license": "MIT"
    },
    "node_modules/@cross-border-bridge/memory-queue-data-bus": {
      "version": "2.0.0",
      "resolved": "https://registry.npmjs.org/@cross-border-bridge/memory-queue-data-bus/-/memory-queue-data-bus-2.0.0.tgz",
      "integrity": "sha512-m5sTzCWQN8/qnAofVpUG2ZWbnADzuDJheAIXurcnHFRemJ1tqRxC53n3+4i8hjLPgjaJjJwsstAjhHs7RlYK7Q==",
      "license": "MIT",
      "dependencies": {
        "@cross-border-bridge/data-bus": "~2.0.0",
        "@cross-border-bridge/memory-queue": "~2.0.0"
      },
      "peerDependencies": {
        "@cross-border-bridge/data-bus": "~2.0.0",
        "@cross-border-bridge/memory-queue": "~2.0.0"
      }
    },
    "node_modules/@cross-border-bridge/post-message-data-bus": {
      "version": "2.0.0",
      "resolved": "https://registry.npmjs.org/@cross-border-bridge/post-message-data-bus/-/post-message-data-bus-2.0.0.tgz",
      "integrity": "sha512-ljLUoMgamm1m4XsJPq78Uc8F1XQgF8i0QFMLTacWnDXeby9xunxmXac0ngjlzDdU56LmfOoVPsQLanq6yNVGlQ==",
      "license": "MIT",
      "dependencies": {
        "@cross-border-bridge/data-bus": "~2.0.0"
      }
    },
    "node_modules/prettier": {
      "version": "3.7.4",
      "resolved": "https://registry.npmjs.org/prettier/-/prettier-3.7.4.tgz",
      "integrity": "sha512-v6UNi1+3hSlVvv8fSaoUbggEM5VErKmmpGA7Pl3HF8V6uKY7rvClBOJlH6yNwQtfTueNkGVpOv/mtWL9L4bgRA==",
      "dev": true,
      "license": "MIT",
      "bin": {
        "prettier": "bin/prettier.cjs"
      },
      "engines": {
        "node": ">=14"
      },
      "funding": {
        "url": "https://github.com/prettier/prettier?sponsor=1"
      }
    },
    "node_modules/typescript": {
      "version": "5.9.3",
      "resolved": "https://registry.npmjs.org/typescript/-/typescript-5.9.3.tgz",
      "integrity": "sha512-jl1vZzPDinLr9eUt3J/t7V6FgNEw9QjvBPdysz9KfQDD41fQrC2Y4vKQdiaUpFT4bXlb1RHhLpp8wtm6M5TgSw==",
      "dev": true,
      "license": "Apache-2.0",
      "bin": {
        "tsc": "bin/tsc",
        "tsserver": "bin/tsserver"
      },
      "engines": {
        "node": ">=14.17"
      }
    }
  }
}
