{
  "name": "@yasshi2525/agvw-like",
  "version": "0.1.0",
  "lockfileVersion": 3,
  "requires": true,
  "packages": {
    "": {
      "name": "@yasshi2525/agvw-like",
      "version": "0.1.0",
      "hasInstallScript": true,
      "license": "MIT",
      "dependencies": {
        "@akashic/akashic-engine": "^3.21.2",
        "@akashic/game-configuration": "^2.5.0",
        "@akashic/game-driver": "^2.26.0",
        "@akashic/pdi-browser": "^2.10.4",
        "@akashic/trigger": "^2.1.3",
        "@cross-border-bridge/memory-queue": "^2.0.0",
        "@cross-border-bridge/memory-queue-data-bus": "^2.0.0",
        "@cross-border-bridge/post-message-data-bus": "^2.0.0",
        "@yasshi2525/playlog-client-like": "file:../playlogClient-like"
      },
      "devDependencies": {
        "@akashic/agvw": "^1.0.7",
        "@akashic/amflow": "^3.3.0",
        "@akashic/pdi-types": "^1.14.0",
        "@akashic/playlog": "^3.4.1",
        "@cross-border-bridge/data-bus": "^2.0.0",
        "prettier": "^3.7.4",
        "socket.io-client": "^4.8.1",
        "typescript": "^5.9.3"
      }
    },
    "../playlogClient-like": {
      "name": "@yasshi2525/playlog-client-like",
      "version": "0.1.0",
      "hasInstallScript": true,
      "license": "MIT",
      "dependencies": {
        "@akashic/amflow": "^3.3.0",
        "@yasshi2525/amflow-client-event-schema": "file:../schema/amflow/client",
        "socket.io-client": "^4.8.1"
      },
      "devDependencies": {
        "prettier": "^3.7.4",
        "typescript": "^5.9.3"
      }
    },
    "node_modules/@akashic/agvw": {
      "version": "1.0.7",
      "resolved": "https://registry.npmjs.org/@akashic/agvw/-/agvw-1.0.7.tgz",
      "integrity": "sha512-zEy8N+/tUO0yE2mtwUPi+7P8mw9pvfIG+SwkiMNqXakJqcy0WmzCM8PAPIhJvkeNaafPj+g/YBiSACZfsiKMEg==",
      "dev": true,
      "license": "MIT"
    },
    "node_modules/@akashic/akashic-engine": {
      "version": "3.21.2",
      "resolved": "https://registry.npmjs.org/@akashic/akashic-engine/-/akashic-engine-3.21.2.tgz",
      "integrity": "sha512-emqUIPCEwRb/39LP4+6JEAqFp67SaQ4UWZ3dh+gQYs7Frj3vxiqz5Y3nSj4pfbgOTU3C1j08e1oNX/V5YnuKpg==",
      "license": "MIT",
      "dependencies": {
        "@akashic/game-configuration": "~2.5.0",
        "@akashic/pdi-types": "^1.13.0",
        "@akashic/playlog": "~3.3.0",
        "@akashic/trigger": "~2.1.0"
      }
    },
    "node_modules/@akashic/akashic-engine/node_modules/@akashic/playlog": {
      "version": "3.3.0",
      "resolved": "https://registry.npmjs.org/@akashic/playlog/-/playlog-3.3.0.tgz",
      "integrity": "sha512-pqX31etu1H9DGvfAuW8w4TiUdcKUUoTBJQd6HF1OZWMDC2O6RSx8DTndYa4Eqr9wll+bs3aRJqUHcVdDJKWevw==",
      "license": "MIT"
    },
    "node_modules/@akashic/amflow": {
      "version": "3.3.0",
      "resolved": "https://registry.npmjs.org/@akashic/amflow/-/amflow-3.3.0.tgz",
      "integrity": "sha512-+dDBtwPfAOeslclGYYKF1yoGg+NiLnDHO3DVIGorkzSd9YLwf+LJGK4sQxRvltKBygmHmhaVrjP7de0PMA+c4Q==",
      "license": "MIT",
      "dependencies": {
        "@akashic/playlog": "~3.3.0"
      }
    },
    "node_modules/@akashic/amflow-util": {
      "version": "1.4.0",
      "resolved": "https://registry.npmjs.org/@akashic/amflow-util/-/amflow-util-1.4.0.tgz",
      "integrity": "sha512-txhn+8VlcifHJxNIDHfcHho8DdNqUPoYB0pHDQnHrPqLTwUfDmqWyvRMrrUINpHuA9ubk3vbec55fhIi7DsDqw==",
      "license": "MIT",
      "dependencies": {
        "@akashic/amflow": "~3.3.0",
        "@akashic/playlog": "~3.3.0"
      }
    },
    "node_modules/@akashic/amflow-util/node_modules/@akashic/playlog": {
      "version": "3.3.0",
      "resolved": "https://registry.npmjs.org/@akashic/playlog/-/playlog-3.3.0.tgz",
      "integrity": "sha512-pqX31etu1H9DGvfAuW8w4TiUdcKUUoTBJQd6HF1OZWMDC2O6RSx8DTndYa4Eqr9wll+bs3aRJqUHcVdDJKWevw==",
      "license": "MIT"
    },
    "node_modules/@akashic/amflow/node_modules/@akashic/playlog": {
      "version": "3.3.0",
      "resolved": "https://registry.npmjs.org/@akashic/playlog/-/playlog-3.3.0.tgz",
      "integrity": "sha512-pqX31etu1H9DGvfAuW8w4TiUdcKUUoTBJQd6HF1OZWMDC2O6RSx8DTndYa4Eqr9wll+bs3aRJqUHcVdDJKWevw==",
      "license": "MIT"
    },
    "node_modules/@akashic/game-configuration": {
      "version": "2.5.0",
      "resolved": "https://registry.npmjs.org/@akashic/game-configuration/-/game-configuration-2.5.0.tgz",
      "integrity": "sha512-EFwC1RNje86OioMfXjSlWkPLbx+QeQuX8FwvTww98cjj1ZuwiChgRiJ7uyZFHeL+RTYqxz5sPR+6vHGp0vDXyg==",
      "license": "MIT",
      "dependencies": {
        "@akashic/pdi-types": "^1.14.0"
      }
    },
    "node_modules/@akashic/game-driver": {
      "version": "2.26.0",
      "resolved": "https://registry.npmjs.org/@akashic/game-driver/-/game-driver-2.26.0.tgz",
      "integrity": "sha512-lq1uEgJFC3StyqaZNQUcFkI51NOmR2hlUSlDAFi3vCHBGSS2vObp3hlP4suNmTC2vUnvZUYMjsyf/mKblh8TCg==",
      "license": "MIT",
      "dependencies": {
        "@akashic/akashic-engine": "~3.21.0",
        "@akashic/amflow-util": "~1.4.0",
        "@akashic/game-configuration": "~2.5.0"
      }
    },
    "node_modules/@akashic/pdi-browser": {
      "version": "2.10.4",
      "resolved": "https://registry.npmjs.org/@akashic/pdi-browser/-/pdi-browser-2.10.4.tgz",
      "integrity": "sha512-WITaLCyuqaCvQ4nJ/LZb9FYz0aLk3EpjdzYrbht1h3jy/KzVEjptVZAg9f99ly65kTU3xNKqvgvYPEEjJZYH6Q==",
      "license": "MIT",
      "dependencies": {
        "@akashic/trigger": "^2.0.1"
      }
    },
    "node_modules/@akashic/pdi-types": {
      "version": "1.14.0",
      "resolved": "https://registry.npmjs.org/@akashic/pdi-types/-/pdi-types-1.14.0.tgz",
      "integrity": "sha512-QwCQHII8nNdO6nOc/x1MAyN6PGpzsSrhBpq+WYXlav3MbDxZEX9JGJEIbrNdAfEZMK5CJ5LCpkVvQxTOefnZwg==",
      "license": "MIT",
      "dependencies": {
        "@akashic/amflow": "~3.3.0",
        "@akashic/playlog": "~3.3.0",
        "@akashic/trigger": "~2.1.0"
      }
    },
    "node_modules/@akashic/pdi-types/node_modules/@akashic/playlog": {
      "version": "3.3.0",
      "resolved": "https://registry.npmjs.org/@akashic/playlog/-/playlog-3.3.0.tgz",
      "integrity": "sha512-pqX31etu1H9DGvfAuW8w4TiUdcKUUoTBJQd6HF1OZWMDC2O6RSx8DTndYa4Eqr9wll+bs3aRJqUHcVdDJKWevw==",
      "license": "MIT"
    },
    "node_modules/@akashic/playlog": {
      "version": "3.4.1",
      "resolved": "https://registry.npmjs.org/@akashic/playlog/-/playlog-3.4.1.tgz",
      "integrity": "sha512-jRX0tv3SATlamLcc4jHy9BU1WzZtXSnttZMFG9Q3uHloovpHN+FoeBZ3YrRtDFmCr6BjgGHLS+KearACh3Y88g==",
      "dev": true,
      "license": "MIT"
    },
    "node_modules/@akashic/trigger": {
      "version": "2.1.3",
      "resolved": "https://registry.npmjs.org/@akashic/trigger/-/trigger-2.1.3.tgz",
      "integrity": "sha512-nCs7QykZBC69YQHqz4zw6RkG+DO18ss7jBjwTLoClI34MpmyaV4XsnEYbSPQJM95fqn/tgtZ6+n85hrSBk+ShA==",
      "license": "MIT"
    },
    "node_modules/@cross-border-bridge/data-bus": {
      "version": "2.0.0",
      "resolved": "https://registry.npmjs.org/@cross-border-bridge/data-bus/-/data-bus-2.0.0.tgz",
      "integrity": "sha512-06cb8kTl/DhGurENfO7ljWyC/5o71E5sl5op4vBvKSmHYtYBRfPFvOApQ7a88eto0FvhzSNvbgKP5j53/6vsVQ==",
      "license": "MIT"
    },
    "node_modules/@cross-border-bridge/memory-queue": {
      "version": "2.0.0",
      "resolved": "https://registry.npmjs.org/@cross-border-bridge/memory-queue/-/memory-queue-2.0.0.tgz",
      "integrity": "sha512-fSg/6S8UO9xxUQWLOi4iFW3xgz9u2xforfR3M8AyS+D8MBItCvjnmtNSieSpeGavgCmfiHIFxhGIrNf4ZZFo2Q==",
      "license": "MIT"
    },
    "node_modules/@cross-border-bridge/memory-queue-data-bus": {
      "version": "2.0.0",
      "resolved": "https://registry.npmjs.org/@cross-border-bridge/memory-queue-data-bus/-/memory-queue-data-bus-2.0.0.tgz",
      "integrity": "sha512-m5sTzCWQN8/qnAofVpUG2ZWbnADzuDJheAIXurcnHFRemJ1tqRxC53n3+4i8hjLPgjaJjJwsstAjhHs7RlYK7Q==",
      "license": "MIT",
      "dependencies": {
        "@cross-border-bridge/data-bus": "~2.0.0",
        "@cross-border-bridge/memory-queue": "~2.0.0"
      },
      "peerDependencies": {
        "@cross-border-bridge/data-bus": "~2.0.0",
        "@cross-border-bridge/memory-queue": "~2.0.0"
      }
    },
    "node_modules/@cross-border-bridge/post-message-data-bus": {
      "version": "2.0.0",
      "resolved": "https://registry.npmjs.org/@cross-border-bridge/post-message-data-bus/-/post-message-data-bus-2.0.0.tgz",
      "integrity": "sha512-ljLUoMgamm1m4XsJPq78Uc8F1XQgF8i0QFMLTacWnDXeby9xunxmXac0ngjlzDdU56LmfOoVPsQLanq6yNVGlQ==",
      "license": "MIT",
      "dependencies": {
        "@cross-border-bridge/data-bus": "~2.0.0"
      }
    },
    "node_modules/@socket.io/component-emitter": {
      "version": "3.1.2",
      "resolved": "https://registry.npmjs.org/@socket.io/component-emitter/-/component-emitter-3.1.2.tgz",
      "integrity": "sha512-9BCxFwvbGg/RsZK9tjXd8s4UcwR0MWeFQ1XEKIQVVvAGJyINdrqKMcTRyLoK8Rse1GjzLV9cwjWV1olXRWEXVA==",
      "dev": true,
      "license": "MIT"
    },
    "node_modules/@yasshi2525/playlog-client-like": {
      "resolved": "../playlogClient-like",
      "link": true
    },
    "node_modules/debug": {
      "version": "4.3.7",
      "resolved": "https://registry.npmjs.org/debug/-/debug-4.3.7.tgz",
      "integrity": "sha512-Er2nc/H7RrMXZBFCEim6TCmMk02Z8vLC2Rbi1KEBggpo0fS6l0S1nnapwmIi3yW/+GOJap1Krg4w0Hg80oCqgQ==",
      "dev": true,
      "license": "MIT",
      "dependencies": {
        "ms": "^2.1.3"
      },
      "engines": {
        "node": ">=6.0"
      },
      "peerDependenciesMeta": {
        "supports-color": {
          "optional": true
        }
      }
    },
    "node_modules/engine.io-client": {
      "version": "6.6.3",
      "resolved": "https://registry.npmjs.org/engine.io-client/-/engine.io-client-6.6.3.tgz",
      "integrity": "sha512-T0iLjnyNWahNyv/lcjS2y4oE358tVS/SYQNxYXGAJ9/GLgH4VCvOQ/mhTjqU88mLZCQgiG8RIegFHYCdVC+j5w==",
      "dev": true,
      "license": "MIT",
      "dependencies": {
        "@socket.io/component-emitter": "~3.1.0",
        "debug": "~4.3.1",
        "engine.io-parser": "~5.2.1",
        "ws": "~8.17.1",
        "xmlhttprequest-ssl": "~2.1.1"
      }
    },
    "node_modules/engine.io-parser": {
      "version": "5.2.3",
      "resolved": "https://registry.npmjs.org/engine.io-parser/-/engine.io-parser-5.2.3.tgz",
      "integrity": "sha512-HqD3yTBfnBxIrbnM1DoD6Pcq8NECnh8d4As1Qgh0z5Gg3jRRIqijury0CL3ghu/edArpUYiYqQiDUQBIs4np3Q==",
      "dev": true,
      "license": "MIT",
      "engines": {
        "node": ">=10.0.0"
      }
    },
    "node_modules/ms": {
      "version": "2.1.3",
      "resolved": "https://registry.npmjs.org/ms/-/ms-2.1.3.tgz",
      "integrity": "sha512-6FlzubTLZG3J2a/NVCAleEhjzq5oxgHyaCU9yYXvcLsvoVaHJq/s5xXI6/XXP6tz7R9xAOtHnSO/tXtF3WRTlA==",
      "dev": true,
      "license": "MIT"
    },
    "node_modules/prettier": {
      "version": "3.7.4",
      "resolved": "https://registry.npmjs.org/prettier/-/prettier-3.7.4.tgz",
      "integrity": "sha512-v6UNi1+3hSlVvv8fSaoUbggEM5VErKmmpGA7Pl3HF8V6uKY7rvClBOJlH6yNwQtfTueNkGVpOv/mtWL9L4bgRA==",
      "dev": true,
      "license": "MIT",
      "bin": {
        "prettier": "bin/prettier.cjs"
      },
      "engines": {
        "node": ">=14"
      },
      "funding": {
        "url": "https://github.com/prettier/prettier?sponsor=1"
      }
    },
    "node_modules/socket.io-client": {
      "version": "4.8.1",
      "resolved": "https://registry.npmjs.org/socket.io-client/-/socket.io-client-4.8.1.tgz",
      "integrity": "sha512-hJVXfu3E28NmzGk8o1sHhN3om52tRvwYeidbj7xKy2eIIse5IoKX3USlS6Tqt3BHAtflLIkCQBkzVrEEfWUyYQ==",
      "dev": true,
      "license": "MIT",
      "dependencies": {
        "@socket.io/component-emitter": "~3.1.0",
        "debug": "~4.3.2",
        "engine.io-client": "~6.6.1",
        "socket.io-parser": "~4.2.4"
      },
      "engines": {
        "node": ">=10.0.0"
      }
    },
    "node_modules/socket.io-parser": {
      "version": "4.2.4",
      "resolved": "https://registry.npmjs.org/socket.io-parser/-/socket.io-parser-4.2.4.tgz",
      "integrity": "sha512-/GbIKmo8ioc+NIWIhwdecY0ge+qVBSMdgxGygevmdHj24bsfgtCmcUUcQ5ZzcylGFHsN3k4HB4Cgkl96KVnuew==",
      "dev": true,
      "license": "MIT",
      "dependencies": {
        "@socket.io/component-emitter": "~3.1.0",
        "debug": "~4.3.1"
      },
      "engines": {
        "node": ">=10.0.0"
      }
    },
    "node_modules/typescript": {
      "version": "5.9.3",
      "resolved": "https://registry.npmjs.org/typescript/-/typescript-5.9.3.tgz",
      "integrity": "sha512-jl1vZzPDinLr9eUt3J/t7V6FgNEw9QjvBPdysz9KfQDD41fQrC2Y4vKQdiaUpFT4bXlb1RHhLpp8wtm6M5TgSw==",
      "dev": true,
      "license": "Apache-2.0",
      "bin": {
        "tsc": "bin/tsc",
        "tsserver": "bin/tsserver"
      },
      "engines": {
        "node": ">=14.17"
      }
    },
    "node_modules/ws": {
      "version": "8.17.1",
      "resolved": "https://registry.npmjs.org/ws/-/ws-8.17.1.tgz",
      "integrity": "sha512-6XQFvXTkbfUOZOKKILFG1PDK2NDQs4azKQl26T0YS5CxqWLgXajbPZ+h4gZekJyRqFU8pvnbAbbs/3TgRPy+GQ==",
      "dev": true,
      "license": "MIT",
      "engines": {
        "node": ">=10.0.0"
      },
      "peerDependencies": {
        "bufferutil": "^4.0.1",
        "utf-8-validate": ">=5.0.2"
      },
      "peerDependenciesMeta": {
        "bufferutil": {
          "optional": true
        },
        "utf-8-validate": {
          "optional": true
        }
      }
    },
    "node_modules/xmlhttprequest-ssl": {
      "version": "2.1.2",
      "resolved": "https://registry.npmjs.org/xmlhttprequest-ssl/-/xmlhttprequest-ssl-2.1.2.tgz",
      "integrity": "sha512-TEU+nJVUUnA4CYJFLvK5X9AOeH4KvDvhIfm0vV1GaQRtchnG0hgK5p8hw/xjv8cunWYCsiPCSDzObPyhEwq3KQ==",
      "dev": true,
      "engines": {
        "node": ">=0.4.0"
      }
    }
  }
}
